{
	"name": "ksr-cfp",
	"version": "0.0.5",
	"lockfileVersion": 1,
	"requires": true,
	"dependencies": {
		"@nodelib/fs.scandir": {
			"version": "2.1.5",
			"resolved": "https://registry.nlark.com/@nodelib/fs.scandir/download/@nodelib/fs.scandir-2.1.5.tgz",
			"integrity": "sha1-dhnC6yGyVIP20WdUi0z9WnSIw9U=",
			"dev": true,
			"requires": {
				"@nodelib/fs.stat": "2.0.5",
				"run-parallel": "1.2.0"
			}
		},
		"@nodelib/fs.stat": {
			"version": "2.0.5",
			"resolved": "https://registry.nlark.com/@nodelib/fs.stat/download/@nodelib/fs.stat-2.0.5.tgz?cache=0&other_urls=https%3A%2F%2Fregistry.nlark.com%2F%40nodelib%2Ffs.stat%2Fdownload%2F%40nodelib%2Ffs.stat-2.0.5.tgz",
			"integrity": "sha1-W9Jir5Tp0lvR5xsF3u1Eh2oiLos=",
			"dev": true
		},
		"@nodelib/fs.walk": {
			"version": "1.2.8",
			"resolved": "https://registry.nlark.com/@nodelib/fs.walk/download/@nodelib/fs.walk-1.2.8.tgz?cache=0&sync_timestamp=1625770050780&other_urls=https%3A%2F%2Fregistry.nlark.com%2F%40nodelib%2Ffs.walk%2Fdownload%2F%40nodelib%2Ffs.walk-1.2.8.tgz",
			"integrity": "sha1-6Vc36LtnRt3t9pxVaVNJTxlv5po=",
			"dev": true,
			"requires": {
				"@nodelib/fs.scandir": "2.1.5",
				"fastq": "1.13.0"
			}
		},
		"@prettier/plugin-pug": {
			"version": "1.17.2",
			"resolved": "https://registry.npmmirror.com/@prettier/plugin-pug/download/@prettier/plugin-pug-1.17.2.tgz",
			"integrity": "sha512-Msneex+9h3j5OLYlW2+1b02YIzXPPm38139KMKXNEVWPSVd2Cl3m2vYJUrxgzrV28DxCxZNrhHLwkCm78O4ztg==",
			"requires": {
				"pug-lexer": "5.0.1"
			}
		},
		"acorn": {
			"version": "7.4.1",
			"resolved": "https://registry.npmmirror.com/acorn/download/acorn-7.4.1.tgz?cache=0&sync_timestamp=1637225522161&other_urls=https%3A%2F%2Fregistry.npmmirror.com%2Facorn%2Fdownload%2Facorn-7.4.1.tgz",
			"integrity": "sha1-/q7SVZc9LndVW4PbwIhRpsY1IPo="
		},
		"ansi-styles": {
			"version": "4.3.0",
			"resolved": "https://registry.nlark.com/ansi-styles/download/ansi-styles-4.3.0.tgz?cache=0&sync_timestamp=1618995547052&other_urls=https%3A%2F%2Fregistry.nlark.com%2Fansi-styles%2Fdownload%2Fansi-styles-4.3.0.tgz",
			"integrity": "sha1-7dgDYornHATIWuegkG7a00tkiTc=",
			"requires": {
				"color-convert": "2.0.1"
			}
		},
		"array-union": {
			"version": "2.1.0",
			"resolved": "https://registry.npm.taobao.org/array-union/download/array-union-2.1.0.tgz?cache=0&sync_timestamp=1614624861176&other_urls=https%3A%2F%2Fregistry.npm.taobao.org%2Farray-union%2Fdownload%2Farray-union-2.1.0.tgz",
			"integrity": "sha1-t5hCCtvrHego2ErNii4j0+/oXo0=",
			"dev": true
		},
		"atob": {
			"version": "2.1.2",
			"resolved": "https://registry.npm.taobao.org/atob/download/atob-2.1.2.tgz",
			"integrity": "sha1-bZUX654DDSQ2ZmZR6GvZ9vE1M8k="
		},
		"balanced-match": {
			"version": "1.0.2",
			"resolved": "https://registry.npm.taobao.org/balanced-match/download/balanced-match-1.0.2.tgz?cache=0&sync_timestamp=1617714298273&other_urls=https%3A%2F%2Fregistry.npm.taobao.org%2Fbalanced-match%2Fdownload%2Fbalanced-match-1.0.2.tgz",
			"integrity": "sha1-6D46fj8wCzTLnYf2FfoMvzV2kO4="
		},
		"brace-expansion": {
			"version": "1.1.11",
			"resolved": "https://registry.npm.taobao.org/brace-expansion/download/brace-expansion-1.1.11.tgz",
			"integrity": "sha1-PH/L9SnYcibz0vUrlm/1Jx60Qd0=",
			"requires": {
				"balanced-match": "1.0.2",
				"concat-map": "0.0.1"
			}
		},
		"braces": {
			"version": "3.0.2",
			"resolved": "https://registry.nlark.com/braces/download/braces-3.0.2.tgz",
			"integrity": "sha1-NFThpGLujVmeI23zNs2epPiv4Qc=",
			"dev": true,
			"requires": {
				"fill-range": "7.0.1"
			}
		},
		"call-bind": {
			"version": "1.0.2",
			"resolved": "https://registry.nlark.com/call-bind/download/call-bind-1.0.2.tgz",
			"integrity": "sha1-sdTonmiBGcPJqQOtMKuy9qkZvjw=",
			"requires": {
				"function-bind": "1.1.1",
				"get-intrinsic": "1.1.1"
			}
		},
		"chalk": {
			"version": "4.1.2",
			"resolved": "https://registry.nlark.com/chalk/download/chalk-4.1.2.tgz?cache=0&sync_timestamp=1627646655305&other_urls=https%3A%2F%2Fregistry.nlark.com%2Fchalk%2Fdownload%2Fchalk-4.1.2.tgz",
			"integrity": "sha1-qsTit3NKdAhnrrFr8CqtVWoeegE=",
			"requires": {
				"ansi-styles": "4.3.0",
				"supports-color": "7.2.0"
			}
		},
		"character-parser": {
			"version": "2.2.0",
			"resolved": "https://registry.npm.taobao.org/character-parser/download/character-parser-2.2.0.tgz",
			"integrity": "sha1-x84o821LzZdE5f/CxfzeHHMmH8A=",
			"requires": {
				"is-regex": "1.1.4"
			}
		},
		"color-convert": {
			"version": "2.0.1",
			"resolved": "https://registry.npm.taobao.org/color-convert/download/color-convert-2.0.1.tgz",
			"integrity": "sha1-ctOmjVmMm9s68q0ehPIdiWq9TeM=",
			"requires": {
				"color-name": "1.1.4"
			}
		},
		"color-name": {
			"version": "1.1.4",
			"resolved": "https://registry.nlark.com/color-name/download/color-name-1.1.4.tgz",
			"integrity": "sha1-wqCah6y95pVD3m9j+jmVyCbFNqI="
		},
		"commander": {
			"version": "7.2.0",
			"resolved": "https://registry.npmmirror.com/commander/download/commander-7.2.0.tgz?cache=0&sync_timestamp=1634886396986&other_urls=https%3A%2F%2Fregistry.npmmirror.com%2Fcommander%2Fdownload%2Fcommander-7.2.0.tgz",
			"integrity": "sha1-o2y1fQtQHOEI5NIFWaFQo5HZerc="
		},
		"concat-map": {
			"version": "0.0.1",
			"resolved": "https://registry.npm.taobao.org/concat-map/download/concat-map-0.0.1.tgz",
			"integrity": "sha1-2Klr13/Wjfd5OnMDajug1UBdR3s="
		},
		"css": {
			"version": "2.2.4",
			"resolved": "https://registry.npm.taobao.org/css/download/css-2.2.4.tgz",
			"integrity": "sha1-xkZ1XHOXHyu6amAeLPL9cbEpiSk=",
			"requires": {
				"inherits": "2.0.4",
				"source-map": "0.6.1",
				"source-map-resolve": "0.5.3",
				"urix": "0.1.0"
			},
			"dependencies": {
				"source-map": {
					"version": "0.6.1",
					"resolved": "https://registry.npm.taobao.org/source-map/download/source-map-0.6.1.tgz",
					"integrity": "sha1-dHIq8y6WFOnCh6jQu95IteLxomM="
				}
			}
		},
		"css-parse": {
			"version": "2.0.0",
			"resolved": "https://registry.npm.taobao.org/css-parse/download/css-parse-2.0.0.tgz",
			"integrity": "sha1-pGjuZnwW2BzPBcWMONKpfHgNv9Q=",
			"requires": {
				"css": "2.2.4"
			}
		},
		"dayjs": {
			"version": "1.10.7",
			"resolved": "https://registry.npmjs.org/dayjs/-/dayjs-1.10.7.tgz",
			"integrity": "sha512-P6twpd70BcPK34K26uJ1KT3wlhpuOAPoMwJzpsIWUxHZ7wpmbdZL/hQqBDfz7hGurYSa5PhzdhDHtt319hL3ig==",
			"dev": true
		},
		"debug": {
			"version": "4.3.2",
			"resolved": "https://registry.npmmirror.com/debug/download/debug-4.3.2.tgz",
			"integrity": "sha1-8KScGKyHeeMdSgxgKd+3aHPHQos=",
			"requires": {
				"ms": "2.1.2"
			}
		},
		"decode-uri-component": {
			"version": "0.2.0",
			"resolved": "https://registry.npm.taobao.org/decode-uri-component/download/decode-uri-component-0.2.0.tgz",
			"integrity": "sha1-6zkTMzRYd1y4TNGh+uBiEGu4dUU="
		},
		"dir-glob": {
			"version": "3.0.1",
			"resolved": "https://registry.nlark.com/dir-glob/download/dir-glob-3.0.1.tgz",
			"integrity": "sha1-Vtv3PZkqSpO6FYT0U0Bj/S5BcX8=",
			"dev": true,
			"requires": {
				"path-type": "4.0.0"
			}
		},
		"fast-diff": {
			"version": "1.2.0",
			"resolved": "https://registry.npm.taobao.org/fast-diff/download/fast-diff-1.2.0.tgz",
			"integrity": "sha1-c+4RmC2Gyq95WYKNUZz+kn+sXwM="
		},
		"fast-glob": {
			"version": "3.2.7",
			"resolved": "https://registry.nlark.com/fast-glob/download/fast-glob-3.2.7.tgz",
			"integrity": "sha1-/Wy3otfpqnp4RhEehaGW1rL3ZqE=",
			"dev": true,
			"requires": {
				"@nodelib/fs.stat": "2.0.5",
				"@nodelib/fs.walk": "1.2.8",
				"glob-parent": "5.1.2",
				"merge2": "1.4.1",
				"micromatch": "4.0.4"
			}
		},
		"fastq": {
			"version": "1.13.0",
			"resolved": "https://registry.nlark.com/fastq/download/fastq-1.13.0.tgz",
			"integrity": "sha1-YWdg+Ip1Jr38WWt8q4wYk4w2uYw=",
			"dev": true,
			"requires": {
				"reusify": "1.0.4"
			}
		},
		"fill-range": {
			"version": "7.0.1",
			"resolved": "https://registry.nlark.com/fill-range/download/fill-range-7.0.1.tgz",
			"integrity": "sha1-GRmmp8df44ssfHflGYU12prN2kA=",
			"dev": true,
			"requires": {
				"to-regex-range": "5.0.1"
			}
		},
		"fs.realpath": {
			"version": "1.0.0",
			"resolved": "https://registry.nlark.com/fs.realpath/download/fs.realpath-1.0.0.tgz",
			"integrity": "sha1-FQStJSMVjKpA20onh8sBQRmU6k8="
		},
		"function-bind": {
			"version": "1.1.1",
			"resolved": "https://registry.nlark.com/function-bind/download/function-bind-1.1.1.tgz",
			"integrity": "sha1-pWiZ0+o8m6uHS7l3O3xe3pL0iV0="
		},
		"get-intrinsic": {
			"version": "1.1.1",
			"resolved": "https://registry.nlark.com/get-intrinsic/download/get-intrinsic-1.1.1.tgz",
			"integrity": "sha1-FfWfN2+FXERpY5SPDSTNNje0q8Y=",
			"requires": {
				"function-bind": "1.1.1",
				"has": "1.0.3",
				"has-symbols": "1.0.2"
			}
		},
		"glob": {
			"version": "7.2.0",
			"resolved": "https://registry.npmmirror.com/glob/download/glob-7.2.0.tgz",
			"integrity": "sha1-0VU1r3cy4C6Uj0xBYovZECk/YCM=",
			"requires": {
				"fs.realpath": "1.0.0",
				"inflight": "1.0.6",
				"inherits": "2.0.4",
				"minimatch": "3.0.4",
				"once": "1.4.0",
				"path-is-absolute": "1.0.1"
			}
		},
		"glob-parent": {
			"version": "5.1.2",
			"resolved": "https://registry.npmmirror.com/glob-parent/download/glob-parent-5.1.2.tgz?cache=0&sync_timestamp=1632953810778&other_urls=https%3A%2F%2Fregistry.npmmirror.com%2Fglob-parent%2Fdownload%2Fglob-parent-5.1.2.tgz",
			"integrity": "sha1-hpgyxYA0/mikCTwX3BXoNA2EAcQ=",
			"dev": true,
			"requires": {
				"is-glob": "4.0.3"
			}
		},
		"globby": {
			"version": "11.0.4",
			"resolved": "https://registry.nlark.com/globby/download/globby-11.0.4.tgz",
			"integrity": "sha1-LLr/d8Lypi5x6bKBOme5ejowAaU=",
			"dev": true,
			"requires": {
				"array-union": "2.1.0",
				"dir-glob": "3.0.1",
				"fast-glob": "3.2.7",
				"ignore": "5.1.9",
				"merge2": "1.4.1",
				"slash": "3.0.0"
			}
		},
		"has": {
			"version": "1.0.3",
			"resolved": "https://registry.nlark.com/has/download/has-1.0.3.tgz",
			"integrity": "sha1-ci18v8H2qoJB8W3YFOAR4fQeh5Y=",
			"requires": {
				"function-bind": "1.1.1"
			}
		},
		"has-flag": {
			"version": "4.0.0",
			"resolved": "https://registry.nlark.com/has-flag/download/has-flag-4.0.0.tgz?cache=0&sync_timestamp=1626715907927&other_urls=https%3A%2F%2Fregistry.nlark.com%2Fhas-flag%2Fdownload%2Fhas-flag-4.0.0.tgz",
			"integrity": "sha1-lEdx/ZyByBJlxNaUGGDaBrtZR5s="
		},
		"has-symbols": {
			"version": "1.0.2",
			"resolved": "https://registry.nlark.com/has-symbols/download/has-symbols-1.0.2.tgz",
			"integrity": "sha1-Fl0wcMADCXUqEjakeTMeOsVvFCM="
		},
		"has-tostringtag": {
			"version": "1.0.0",
			"resolved": "https://registry.nlark.com/has-tostringtag/download/has-tostringtag-1.0.0.tgz",
			"integrity": "sha1-fhM4GKfTlHNPlB5zw9P5KR5liyU=",
			"requires": {
				"has-symbols": "1.0.2"
			}
		},
		"ignore": {
			"version": "5.1.9",
			"resolved": "https://registry.npmmirror.com/ignore/download/ignore-5.1.9.tgz?cache=0&sync_timestamp=1635926632542&other_urls=https%3A%2F%2Fregistry.npmmirror.com%2Fignore%2Fdownload%2Fignore-5.1.9.tgz",
			"integrity": "sha1-nsGly+jhRG7GDUQgBg1Dqm5zgvs=",
			"dev": true
		},
		"inflight": {
			"version": "1.0.6",
			"resolved": "https://registry.nlark.com/inflight/download/inflight-1.0.6.tgz",
			"integrity": "sha1-Sb1jMdfQLQwJvJEKEHW6gWW1bfk=",
			"requires": {
				"once": "1.4.0",
				"wrappy": "1.0.2"
			}
		},
		"inherits": {
			"version": "2.0.4",
			"resolved": "https://registry.npm.taobao.org/inherits/download/inherits-2.0.4.tgz",
			"integrity": "sha1-D6LGT5MpF8NDOg3tVTY6rjdBa3w="
		},
		"is-expression": {
			"version": "4.0.0",
			"resolved": "https://registry.npm.taobao.org/is-expression/download/is-expression-4.0.0.tgz",
			"integrity": "sha1-wzFVliq/IdCv0lUlFNZ9LsFv0qs=",
			"requires": {
				"acorn": "7.4.1",
				"object-assign": "4.1.1"
			}
		},
		"is-extglob": {
			"version": "2.1.1",
			"resolved": "https://registry.npm.taobao.org/is-extglob/download/is-extglob-2.1.1.tgz",
			"integrity": "sha1-qIwCU1eR8C7TfHahueqXc8gz+MI=",
			"dev": true
		},
		"is-glob": {
			"version": "4.0.3",
			"resolved": "https://registry.npmmirror.com/is-glob/download/is-glob-4.0.3.tgz",
			"integrity": "sha1-ZPYeQsu7LuwgcanawLKLoeZdUIQ=",
			"dev": true,
			"requires": {
				"is-extglob": "2.1.1"
			}
		},
		"is-number": {
			"version": "7.0.0",
			"resolved": "https://registry.npm.taobao.org/is-number/download/is-number-7.0.0.tgz",
			"integrity": "sha1-dTU0W4lnNNX4DE0GxQlVUnoU8Ss=",
			"dev": true
		},
		"is-regex": {
			"version": "1.1.4",
			"resolved": "https://registry.nlark.com/is-regex/download/is-regex-1.1.4.tgz",
			"integrity": "sha1-7vVmPNWfpMCuM5UFMj32hUuxWVg=",
			"requires": {
				"call-bind": "1.0.2",
				"has-tostringtag": "1.0.0"
			}
		},
		"lodash": {
			"version": "4.17.21",
			"resolved": "https://registry.npm.taobao.org/lodash/download/lodash-4.17.21.tgz",
			"integrity": "sha1-Z5WRxWTDv/quhFTPCz3zcMPWkRw="
		},
		"lodash.sortedlastindex": {
			"version": "4.1.0",
			"resolved": "https://registry.nlark.com/lodash.sortedlastindex/download/lodash.sortedlastindex-4.1.0.tgz",
			"integrity": "sha1-RWmHgZa0UNrGqrTOsIls7tSmclU="
		},
		"merge2": {
			"version": "1.4.1",
			"resolved": "https://registry.npm.taobao.org/merge2/download/merge2-1.4.1.tgz",
			"integrity": "sha1-Q2iJL4hekHRVpv19xVwMnUBJkK4=",
			"dev": true
		},
		"micromatch": {
			"version": "4.0.4",
			"resolved": "https://registry.npm.taobao.org/micromatch/download/micromatch-4.0.4.tgz?cache=0&sync_timestamp=1618054841521&other_urls=https%3A%2F%2Fregistry.npm.taobao.org%2Fmicromatch%2Fdownload%2Fmicromatch-4.0.4.tgz",
			"integrity": "sha1-iW1Rnf6dsl/OlM63pQCRm/iB6/k=",
			"dev": true,
			"requires": {
				"braces": "3.0.2",
				"picomatch": "2.3.0"
			}
		},
		"minimatch": {
			"version": "3.0.4",
			"resolved": "https://registry.npm.taobao.org/minimatch/download/minimatch-3.0.4.tgz",
			"integrity": "sha1-UWbihkV/AzBgZL5Ul+jbsMPTIIM=",
			"requires": {
				"brace-expansion": "1.1.11"
			}
		},
		"minimist": {
			"version": "1.2.5",
			"resolved": "https://registry.nlark.com/minimist/download/minimist-1.2.5.tgz",
			"integrity": "sha1-Z9ZgFLZqaoqqDAg8X9WN9OTpdgI="
		},
		"mkdirp": {
			"version": "1.0.4",
			"resolved": "https://registry.npmmirror.com/mkdirp/download/mkdirp-1.0.4.tgz",
			"integrity": "sha1-PrXtYmInVteaXw4qIh3+utdcL34="
		},
		"ms": {
			"version": "2.1.2",
			"resolved": "https://registry.npmmirror.com/ms/download/ms-2.1.2.tgz",
			"integrity": "sha1-0J0fNXtEP0kzgqjrPM0YOHKuYAk="
		},
		"nanoid": {
			"version": "3.1.30",
			"resolved": "https://registry.npmmirror.com/nanoid/download/nanoid-3.1.30.tgz",
			"integrity": "sha1-Y/k8xUjSoRPcXfvGO/oJ4rm2Q2I="
		},
		"object-assign": {
			"version": "4.1.1",
			"resolved": "https://registry.npm.taobao.org/object-assign/download/object-assign-4.1.1.tgz",
			"integrity": "sha1-IQmtx5ZYh8/AXLvUQsrIv7s2CGM="
		},
		"once": {
			"version": "1.4.0",
			"resolved": "https://registry.nlark.com/once/download/once-1.4.0.tgz",
			"integrity": "sha1-WDsap3WWHUsROsF9nFC6753Xa9E=",
			"requires": {
				"wrappy": "1.0.2"
			}
		},
		"path-is-absolute": {
			"version": "1.0.1",
			"resolved": "https://registry.npm.taobao.org/path-is-absolute/download/path-is-absolute-1.0.1.tgz",
			"integrity": "sha1-F0uSaHNVNP+8es5r9TpanhtcX18="
		},
		"path-type": {
			"version": "4.0.0",
			"resolved": "https://registry.npm.taobao.org/path-type/download/path-type-4.0.0.tgz",
			"integrity": "sha1-hO0BwKe6OAr+CdkKjBgNzZ0DBDs=",
			"dev": true
		},
		"picocolors": {
			"version": "1.0.0",
			"resolved": "https://registry.npmmirror.com/picocolors/download/picocolors-1.0.0.tgz?cache=0&sync_timestamp=1634093378416&other_urls=https%3A%2F%2Fregistry.npmmirror.com%2Fpicocolors%2Fdownload%2Fpicocolors-1.0.0.tgz",
			"integrity": "sha1-y1vcdP8/UYkiNur3nWi8RFZKuBw="
		},
		"picomatch": {
			"version": "2.3.0",
			"resolved": "https://registry.nlark.com/picomatch/download/picomatch-2.3.0.tgz?cache=0&other_urls=https%3A%2F%2Fregistry.nlark.com%2Fpicomatch%2Fdownload%2Fpicomatch-2.3.0.tgz",
			"integrity": "sha1-8fBh3o9qS/AiiS4tEoI0+5gwKXI=",
			"dev": true
		},
		"postcss": {
			"version": "8.3.11",
			"resolved": "https://registry.npmmirror.com/postcss/download/postcss-8.3.11.tgz",
			"integrity": "sha1-w77KfqgRzV4cSj7G0udZnvH4+Fg=",
			"requires": {
				"nanoid": "3.1.30",
				"picocolors": "1.0.0",
				"source-map-js": "0.6.2"
			}
		},
		"postcss-styl": {
			"version": "0.8.0",
			"resolved": "https://registry.npmmirror.com/postcss-styl/download/postcss-styl-0.8.0.tgz",
			"integrity": "sha1-VasAuSuy/cQab5lq/JxmWu0ZJ2s=",
			"requires": {
				"debug": "4.3.2",
				"fast-diff": "1.2.0",
				"lodash.sortedlastindex": "4.1.0",
				"postcss": "8.3.11",
				"stylus": "0.54.8"
			}
		},
		"prettier": {
			"version": "2.4.1",
			"resolved": "https://registry.nlark.com/prettier/download/prettier-2.4.1.tgz?cache=0&sync_timestamp=1631777111780&other_urls=https%3A%2F%2Fregistry.nlark.com%2Fprettier%2Fdownload%2Fprettier-2.4.1.tgz",
			"integrity": "sha1-Zx4RyJwUpM/Ids5WQQbEpnJsn1w="
		},
		"prettier-linter-helpers": {
			"version": "1.0.0",
			"resolved": "https://registry.npm.taobao.org/prettier-linter-helpers/download/prettier-linter-helpers-1.0.0.tgz",
			"integrity": "sha1-0j1B/hN1ZG3i0BBNNFSjAIgCz3s=",
			"requires": {
				"fast-diff": "1.2.0"
			}
		},
		"pug-error": {
			"version": "2.0.0",
			"resolved": "https://registry.npm.taobao.org/pug-error/download/pug-error-2.0.0.tgz",
			"integrity": "sha1-XGIXPLCcNN4qLOBPF7it/sdNjKU="
		},
		"pug-lexer": {
			"version": "5.0.1",
			"resolved": "https://registry.npm.taobao.org/pug-lexer/download/pug-lexer-5.0.1.tgz",
			"integrity": "sha1-rkRijFvvmxkLZlaDsojKkCS4sNU=",
			"requires": {
				"character-parser": "2.2.0",
				"is-expression": "4.0.0",
				"pug-error": "2.0.0"
			}
		},
		"queue-microtask": {
			"version": "1.2.3",
			"resolved": "https://registry.npm.taobao.org/queue-microtask/download/queue-microtask-1.2.3.tgz?cache=0&sync_timestamp=1616391510274&other_urls=https%3A%2F%2Fregistry.npm.taobao.org%2Fqueue-microtask%2Fdownload%2Fqueue-microtask-1.2.3.tgz",
			"integrity": "sha1-SSkii7xyTfrEPg77BYyve2z7YkM=",
			"dev": true
		},
		"resolve-url": {
			"version": "0.2.1",
			"resolved": "https://registry.npmmirror.com/resolve-url/download/resolve-url-0.2.1.tgz",
			"integrity": "sha1-LGN/53yJOv0qZj/iGqkIAGjiBSo="
		},
		"reusify": {
			"version": "1.0.4",
			"resolved": "https://registry.nlark.com/reusify/download/reusify-1.0.4.tgz",
			"integrity": "sha1-kNo4Kx4SbvwCFG6QhFqI2xKSXXY=",
			"dev": true
		},
		"run-parallel": {
			"version": "1.2.0",
			"resolved": "https://registry.npm.taobao.org/run-parallel/download/run-parallel-1.2.0.tgz",
			"integrity": "sha1-ZtE2jae9+SHrnZW9GpIp5/IaQ+4=",
			"dev": true,
			"requires": {
				"queue-microtask": "1.2.3"
			}
		},
		"safer-buffer": {
			"version": "2.1.2",
			"resolved": "https://registry.nlark.com/safer-buffer/download/safer-buffer-2.1.2.tgz",
			"integrity": "sha1-RPoWGwGHuVSd2Eu5GAL5vYOFzWo="
		},
		"sax": {
			"version": "1.2.4",
			"resolved": "https://registry.nlark.com/sax/download/sax-1.2.4.tgz",
			"integrity": "sha1-KBYjTiN4vdxOU1T6tcqold9xANk="
		},
		"semver": {
			"version": "6.3.0",
			"resolved": "https://registry.nlark.com/semver/download/semver-6.3.0.tgz?cache=0&sync_timestamp=1618847017123&other_urls=https%3A%2F%2Fregistry.nlark.com%2Fsemver%2Fdownload%2Fsemver-6.3.0.tgz",
			"integrity": "sha1-7gpkyK9ejO6mdoexM3YeG+y9HT0="
		},
		"slash": {
			"version": "3.0.0",
			"resolved": "https://registry.npm.taobao.org/slash/download/slash-3.0.0.tgz",
			"integrity": "sha1-ZTm+hwwWWtvVJAIg2+Nh8bxNRjQ=",
			"dev": true
		},
		"source-map": {
			"version": "0.7.3",
			"resolved": "https://registry.npm.taobao.org/source-map/download/source-map-0.7.3.tgz",
			"integrity": "sha1-UwL4FpAxc1ImVECS5kmB91F1A4M="
		},
		"source-map-js": {
			"version": "0.6.2",
			"resolved": "https://registry.npmmirror.com/source-map-js/download/source-map-js-0.6.2.tgz?cache=0&sync_timestamp=1636401089874&other_urls=https%3A%2F%2Fregistry.npmmirror.com%2Fsource-map-js%2Fdownload%2Fsource-map-js-0.6.2.tgz",
			"integrity": "sha1-C7XeYxtBz72mz7qL0FqA79/SOF4="
		},
		"source-map-resolve": {
			"version": "0.5.3",
			"resolved": "https://registry.nlark.com/source-map-resolve/download/source-map-resolve-0.5.3.tgz",
			"integrity": "sha1-GQhmvs51U+H48mei7oLGBrVQmho=",
			"requires": {
				"atob": "2.1.2",
				"decode-uri-component": "0.2.0",
				"resolve-url": "0.2.1",
				"source-map-url": "0.4.1",
				"urix": "0.1.0"
			}
		},
		"source-map-url": {
			"version": "0.4.1",
			"resolved": "https://registry.npm.taobao.org/source-map-url/download/source-map-url-0.4.1.tgz?cache=0&sync_timestamp=1612210508484&other_urls=https%3A%2F%2Fregistry.npm.taobao.org%2Fsource-map-url%2Fdownload%2Fsource-map-url-0.4.1.tgz",
			"integrity": "sha1-CvZmBadFpaL5HPG7+KevvCg97FY="
		},
		"stylelint-config-prettier": {
			"version": "8.0.2",
			"resolved": "https://registry.npmmirror.com/stylelint-config-prettier/download/stylelint-config-prettier-8.0.2.tgz",
			"integrity": "sha1-2p3jPaTFaJPL5+Jt8jmnN0BF4U4="
		},
		"stylelint-prettier": {
			"version": "1.2.0",
			"resolved": "https://registry.npmmirror.com/stylelint-prettier/download/stylelint-prettier-1.2.0.tgz",
			"integrity": "sha1-oTPXXHlLqCDuRxNvxL+McuoYVCc=",
			"requires": {
				"prettier-linter-helpers": "1.0.0"
			}
		},
		"stylus": {
			"version": "0.54.8",
			"resolved": "https://registry.nlark.com/stylus/download/stylus-0.54.8.tgz",
			"integrity": "sha1-PaPmWWa8Vnp7BEv+DuzmU+CZ0Uc=",
			"requires": {
				"css-parse": "2.0.0",
				"debug": "3.1.0",
				"glob": "7.2.0",
				"mkdirp": "1.0.4",
				"safer-buffer": "2.1.2",
				"sax": "1.2.4",
				"semver": "6.3.0",
				"source-map": "0.7.3"
			},
			"dependencies": {
				"debug": {
					"version": "3.1.0",
					"resolved": "https://registry.npmmirror.com/debug/download/debug-3.1.0.tgz",
					"integrity": "sha1-W7WgZyYotkFJVmuhaBnmFRjGcmE=",
					"requires": {
						"ms": "2.0.0"
					}
				},
				"ms": {
					"version": "2.0.0",
					"resolved": "https://registry.npmmirror.com/ms/download/ms-2.0.0.tgz",
					"integrity": "sha1-VgiurfwAvmwpAd9fmGF4jeDVl8g="
				}
			}
		},
		"supports-color": {
			"version": "7.2.0",
			"resolved": "https://registry.npmmirror.com/supports-color/download/supports-color-7.2.0.tgz?cache=0&sync_timestamp=1637259119530&other_urls=https%3A%2F%2Fregistry.npmmirror.com%2Fsupports-color%2Fdownload%2Fsupports-color-7.2.0.tgz",
			"integrity": "sha1-G33NyzK4E4gBs+R4umpRyqiWSNo=",
			"requires": {
				"has-flag": "4.0.0"
			}
		},
		"to-regex-range": {
			"version": "5.0.1",
			"resolved": "https://registry.nlark.com/to-regex-range/download/to-regex-range-5.0.1.tgz",
			"integrity": "sha1-FkjESq58jZiKMmAY7XL1tN0DkuQ=",
			"dev": true,
			"requires": {
				"is-number": "7.0.0"
			}
		},
		"tslint-config-prettier": {
			"version": "1.18.0",
			"resolved": "https://registry.npm.taobao.org/tslint-config-prettier/download/tslint-config-prettier-1.18.0.tgz",
			"integrity": "sha1-dfFAvelH012PDSOODr+AnWRZLDc="
		},
		"typescript": {
			"version": "4.5.2",
			"resolved": "https://registry.npmmirror.com/typescript/download/typescript-4.5.2.tgz?cache=0&sync_timestamp=1637565610014&other_urls=https%3A%2F%2Fregistry.npmmirror.com%2Ftypescript%2Fdownload%2Ftypescript-4.5.2.tgz",
			"integrity": "sha512-5BlMof9H1yGt0P8/WF+wPNw6GfctgGjXp5hkblpyT+8rkASSmkUKMXrxR0Xg8ThVCi/JnHQiKXeBaEwCeQwMFw=="
		},
		"urix": {
			"version": "0.1.0",
			"resolved": "https://registry.npmmirror.com/urix/download/urix-0.1.0.tgz",
			"integrity": "sha1-2pN/emLiH+wf0Y1Js1wpNQZ6bHI="
		},
		"wrappy": {
			"version": "1.0.2",
			"resolved": "https://registry.nlark.com/wrappy/download/wrappy-1.0.2.tgz",
			"integrity": "sha1-tSQ9jz7BqjXxNkYFvA0QNuMKtp8="
		}
	}
}
